// !$*UTF8*$!
{
	archiveVersion = 1;
	classes = {
	};
	objectVersion = 46;
	objects = {

/* Begin PBXBuildFile section */
		606190D61E8BBD1900244934 /* AppDelegate.swift in Sources */ = {isa = PBXBuildFile; fileRef = 606190D51E8BBD1900244934 /* AppDelegate.swift */; };
		606190D81E8BBD1900244934 /* ViewController.swift in Sources */ = {isa = PBXBuildFile; fileRef = 606190D71E8BBD1900244934 /* ViewController.swift */; };
		606190DB1E8BBD1900244934 /* Main.storyboard in Resources */ = {isa = PBXBuildFile; fileRef = 606190D91E8BBD1900244934 /* Main.storyboard */; };
		606190DE1E8BBD1900244934 /* CameraExample.xcdatamodeld in Sources */ = {isa = PBXBuildFile; fileRef = 606190DC1E8BBD1900244934 /* CameraExample.xcdatamodeld */; };
		606190E01E8BBD1900244934 /* Assets.xcassets in Resources */ = {isa = PBXBuildFile; fileRef = 606190DF1E8BBD1900244934 /* Assets.xcassets */; };
		606190E31E8BBD1900244934 /* LaunchScreen.storyboard in Resources */ = {isa = PBXBuildFile; fileRef = 606190E11E8BBD1900244934 /* LaunchScreen.storyboard */; };
/* End PBXBuildFile section */

/* Begin PBXFileReference section */
		606190D21E8BBD1900244934 /* CameraExample.app */ = {isa = PBXFileReference; explicitFileType = wrapper.application; includeInIndex = 0; path = CameraExample.app; sourceTree = BUILT_PRODUCTS_DIR; };
		606190D51E8BBD1900244934 /* AppDelegate.swift */ = {isa = PBXFileReference; lastKnownFileType = sourcecode.swift; path = AppDelegate.swift; sourceTree = "<group>"; };
		606190D71E8BBD1900244934 /* ViewController.swift */ = {isa = PBXFileReference; lastKnownFileType = sourcecode.swift; path = ViewController.swift; sourceTree = "<group>"; };
		606190DA1E8BBD1900244934 /* Base */ = {isa = PBXFileReference; lastKnownFileType = file.storyboard; name = Base; path = Base.lproj/Main.storyboard; sourceTree = "<group>"; };
		606190DD1E8BBD1900244934 /* CameraExample.xcdatamodel */ = {isa = PBXFileReference; lastKnownFileType = wrapper.xcdatamodel; path = CameraExample.xcdatamodel; sourceTree = "<group>"; };
		606190DF1E8BBD1900244934 /* Assets.xcassets */ = {isa = PBXFileReference; lastKnownFileType = folder.assetcatalog; path = Assets.xcassets; sourceTree = "<group>"; };
		606190E21E8BBD1900244934 /* Base */ = {isa = PBXFileReference; lastKnownFileType = file.storyboard; name = Base; path = Base.lproj/LaunchScreen.storyboard; sourceTree = "<group>"; };
		606190E41E8BBD1900244934 /* Info.plist */ = {isa = PBXFileReference; lastKnownFileType = text.plist.xml; path = Info.plist; sourceTree = "<group>"; };
/* End PBXFileReference section */

/* Begin PBXFrameworksBuildPhase section */
		606190CF1E8BBD1900244934 /* Frameworks */ = {
			isa = PBXFrameworksBuildPhase;
			buildActionMask = 2147483647;
			files = (
			);
			runOnlyForDeploymentPostprocessing = 0;
		};
/* End PBXFrameworksBuildPhase section */

/* Begin PBXGroup section */
		606190C91E8BBD1900244934 = {
			isa = PBXGroup;
			children = (
				606190D41E8BBD1900244934 /* CameraExample */,
				606190D31E8BBD1900244934 /* Products */,
			);
			sourceTree = "<group>";
		};
		606190D31E8BBD1900244934 /* Products */ = {
			isa = PBXGroup;
			children = (
				606190D21E8BBD1900244934 /* CameraExample.app */,
			);
			name = Products;
			sourceTree = "<group>";
		};
		606190D41E8BBD1900244934 /* CameraExample */ = {
			isa = PBXGroup;
			children = (
				606190D51E8BBD1900244934 /* AppDelegate.swift */,
				606190D71E8BBD1900244934 /* ViewController.swift */,
				606190D91E8BBD1900244934 /* Main.storyboard */,
				606190DF1E8BBD1900244934 /* Assets.xcassets */,
				606190E11E8BBD1900244934 /* LaunchScreen.storyboard */,
				606190E41E8BBD1900244934 /* Info.plist */,
				606190DC1E8BBD1900244934 /* CameraExample.xcdatamodeld */,
			);
			path = CameraExample;
			sourceTree = "<group>";
		};
/* End PBXGroup section */

/* Begin PBXNativeTarget section */
		606190D11E8BBD1900244934 /* CameraExample */ = {
			isa = PBXNativeTarget;
			buildConfigurationList = 606190E71E8BBD1900244934 /* Build configuration list for PBXNativeTarget "CameraExample" */;
			buildPhases = (
				606190CE1E8BBD1900244934 /* Sources */,
				606190CF1E8BBD1900244934 /* Frameworks */,
				606190D01E8BBD1900244934 /* Resources */,
			);
			buildRules = (
			);
			dependencies = (
			);
			name = CameraExample;
			productName = CameraExample;
			productReference = 606190D21E8BBD1900244934 /* CameraExample.app */;
			productType = "com.apple.product-type.application";
		};
/* End PBXNativeTarget section */

/* Begin PBXProject section */
		606190CA1E8BBD1900244934 /* Project object */ = {
			isa = PBXProject;
			attributes = {
				LastSwiftUpdateCheck = 0830;
				LastUpgradeCheck = 0830;
				ORGANIZATIONNAME = "Szamódy Zs. Balázs";
				TargetAttributes = {
					606190D11E8BBD1900244934 = {
						CreatedOnToolsVersion = 8.3;
						DevelopmentTeam = VWUE9JZKY9;
						ProvisioningStyle = Automatic;
					};
				};
			};
			buildConfigurationList = 606190CD1E8BBD1900244934 /* Build configuration list for PBXProject "CameraExample" */;
			compatibilityVersion = "Xcode 3.2";
			developmentRegion = English;
			hasScannedForEncodings = 0;
			knownRegions = (
				en,
				Base,
			);
			mainGroup = 606190C91E8BBD1900244934;
			productRefGroup = 606190D31E8BBD1900244934 /* Products */;
			projectDirPath = "";
			projectRoot = "";
			targets = (
				606190D11E8BBD1900244934 /* CameraExample */,
			);
		};
/* End PBXProject section */

/* Begin PBXResourcesBuildPhase section */
		606190D01E8BBD1900244934 /* Resources */ = {
			isa = PBXResourcesBuildPhase;
			buildActionMask = 2147483647;
			files = (
				606190E31E8BBD1900244934 /* LaunchScreen.storyboard in Resources */,
				606190E01E8BBD1900244934 /* Assets.xcassets in Resources */,
				606190DB1E8BBD1900244934 /* Main.storyboard in Resources */,
			);
			runOnlyForDeploymentPostprocessing = 0;
		};
/* End PBXResourcesBuildPhase section */

/* Begin PBXSourcesBuildPhase section */
		606190CE1E8BBD1900244934 /* Sources */ = {
			isa = PBXSourcesBuildPhase;
			buildActionMask = 2147483647;
			files = (
				606190D81E8BBD1900244934 /* ViewController.swift in Sources */,
				606190D61E8BBD1900244934 /* AppDelegate.swift in Sources */,
				606190DE1E8BBD1900244934 /* CameraExample.xcdatamodeld in Sources */,
			);
			runOnlyForDeploymentPostprocessing = 0;
		};
/* End PBXSourcesBuildPhase section */

/* Begin PBXVariantGroup section */
		606190D91E8BBD1900244934 /* Main.storyboard */ = {
			isa = PBXVariantGroup;
			children = (
				606190DA1E8BBD1900244934 /* Base */,
			);
			name = Main.storyboard;
			sourceTree = "<group>";
		};
		606190E11E8BBD1900244934 /* LaunchScreen.storyboard */ = {
			isa = PBXVariantGroup;
			children = (
				606190E21E8BBD1900244934 /* Base */,
			);
			name = LaunchScreen.storyboard;
			sourceTree = "<group>";
		};
/* End PBXVariantGroup section */

/* Begin XCBuildConfiguration section */
		606190E51E8BBD1900244934 /* Debug */ = {
			isa = XCBuildConfiguration;
			buildSettings = {
				ALWAYS_SEARCH_USER_PATHS = NO;
				CLANG_ANALYZER_NONNULL = YES;
				CLANG_ANALYZER_NUMBER_OBJECT_CONVERSION = YES_AGGRESSIVE;
				CLANG_CXX_LANGUAGE_STANDARD = "gnu++0x";
				CLANG_CXX_LIBRARY = "libc++";
				CLANG_ENABLE_MODULES = YES;
				CLANG_ENABLE_OBJC_ARC = YES;
				CLANG_WARN_BOOL_CONVERSION = YES;
				CLANG_WARN_CONSTANT_CONVERSION = YES;
				CLANG_WARN_DIRECT_OBJC_ISA_USAGE = YES_ERROR;
				CLANG_WARN_DOCUMENTATION_COMMENTS = YES;
				CLANG_WARN_EMPTY_BODY = YES;
				CLANG_WARN_ENUM_CONVERSION = YES;
				CLANG_WARN_INFINITE_RECURSION = YES;
				CLANG_WARN_INT_CONVERSION = YES;
				CLANG_WARN_OBJC_ROOT_CLASS = YES_ERROR;
				CLANG_WARN_SUSPICIOUS_MOVE = YES;
				CLANG_WARN_UNREACHABLE_CODE = YES;
				CLANG_WARN__DUPLICATE_METHOD_MATCH = YES;
				"CODE_SIGN_IDENTITY[sdk=iphoneos*]" = "iPhone Developer";
				COPY_PHASE_STRIP = NO;
				DEBUG_INFORMATION_FORMAT = dwarf;
				ENABLE_STRICT_OBJC_MSGSEND = YES;
				ENABLE_TESTABILITY = YES;
				GCC_C_LANGUAGE_STANDARD = gnu99;
				GCC_DYNAMIC_NO_PIC = NO;
				GCC_NO_COMMON_BLOCKS = YES;
				GCC_OPTIMIZATION_LEVEL = 0;
				GCC_PREPROCESSOR_DEFINITIONS = (
					"DEBUG=1",
					"$(inherited)",
				);
				GCC_WARN_64_TO_32_BIT_CONVERSION = YES;
				GCC_WARN_ABOUT_RETURN_TYPE = YES_ERROR;
				GCC_WARN_UNDECLARED_SELECTOR = YES;
				GCC_WARN_UNINITIALIZED_AUTOS = YES_AGGRESSIVE;
				GCC_WARN_UNUSED_FUNCTION = YES;
				GCC_WARN_UNUSED_VARIABLE = YES;
				IPHONEOS_DEPLOYMENT_TARGET = 10.3;
				MTL_ENABLE_DEBUG_INFO = YES;
				ONLY_ACTIVE_ARCH = YES;
				SDKROOT = iphoneos;
				SWIFT_ACTIVE_COMPILATION_CONDITIONS = DEBUG;
				SWIFT_OPTIMIZATION_LEVEL = "-Onone";
				TARGETED_DEVICE_FAMILY = "1,2";
			};
			name = Debug;
		};
		606190E61E8BBD1900244934 /* Release */ = {
			isa = XCBuildConfiguration;
			buildSettings = {
				ALWAYS_SEARCH_USER_PATHS = NO;
				CLANG_ANALYZER_NONNULL = YES;
				CLANG_ANALYZER_NUMBER_OBJECT_CONVERSION = YES_AGGRESSIVE;
				CLANG_CXX_LANGUAGE_STANDARD = "gnu++0x";
				CLANG_CXX_LIBRARY = "libc++";
				CLANG_ENABLE_MODULES = YES;
				CLANG_ENABLE_OBJC_ARC = YES;
				CLANG_WARN_BOOL_CONVERSION = YES;
				CLANG_WARN_CONSTANT_CONVERSION = YES;
				CLANG_WARN_DIRECT_OBJC_ISA_USAGE = YES_ERROR;
				CLANG_WARN_DOCUMENTATION_COMMENTS = YES;
				CLANG_WARN_EMPTY_BODY = YES;
				CLANG_WARN_ENUM_CONVERSION = YES;
				CLANG_WARN_INFINITE_RECURSION = YES;
				CLANG_WARN_INT_CONVERSION = YES;
				CLANG_WARN_OBJC_ROOT_CLASS = YES_ERROR;
				CLANG_WARN_SUSPICIOUS_MOVE = YES;
				CLANG_WARN_UNREACHABLE_CODE = YES;
				CLANG_WARN__DUPLICATE_METHOD_MATCH = YES;
				"CODE_SIGN_IDENTITY[sdk=iphoneos*]" = "iPhone Developer";
				COPY_PHASE_STRIP = NO;
				DEBUG_INFORMATION_FORMAT = "dwarf-with-dsym";
				ENABLE_NS_ASSERTIONS = NO;
				ENABLE_STRICT_OBJC_MSGSEND = YES;
				GCC_C_LANGUAGE_STANDARD = gnu99;
				GCC_NO_COMMON_BLOCKS = YES;
				GCC_WARN_64_TO_32_BIT_CONVERSION = YES;
				GCC_WARN_ABOUT_RETURN_TYPE = YES_ERROR;
				GCC_WARN_UNDECLARED_SELECTOR = YES;
				GCC_WARN_UNINITIALIZED_AUTOS = YES_AGGRESSIVE;
				GCC_WARN_UNUSED_FUNCTION = YES;
				GCC_WARN_UNUSED_VARIABLE = YES;
				IPHONEOS_DEPLOYMENT_TARGET = 10.3;
				MTL_ENABLE_DEBUG_INFO = NO;
				SDKROOT = iphoneos;
				SWIFT_OPTIMIZATION_LEVEL = "-Owholemodule";
				TARGETED_DEVICE_FAMILY = "1,2";
				VALIDATE_PRODUCT = YES;
			};
			name = Release;
		};
		606190E81E8BBD1900244934 /* Debug */ = {
			isa = XCBuildConfiguration;
			buildSettings = {
				ASSETCATALOG_COMPILER_APPICON_NAME = AppIcon;
				DEVELOPMENT_TEAM = VWUE9JZKY9;
				INFOPLIST_FILE = CameraExample/Info.plist;
				LD_RUNPATH_SEARCH_PATHS = "$(inherited) @executable_path/Frameworks";
				PRODUCT_BUNDLE_IDENTIFIER = com.Fr3qfly.CameraExample;
				PRODUCT_NAME = "$(TARGET_NAME)";
				SWIFT_VERSION = 3.0;
			};
			name = Debug;
		};
		606190E91E8BBD1900244934 /* Release */ = {
			isa = XCBuildConfiguration;
			buildSettings = {
				ASSETCATALOG_COMPILER_APPICON_NAME = AppIcon;
				DEVELOPMENT_TEAM = VWUE9JZKY9;
				INFOPLIST_FILE = CameraExample/Info.plist;
				LD_RUNPATH_SEARCH_PATHS = "$(inherited) @executable_path/Frameworks";
				PRODUCT_BUNDLE_IDENTIFIER = com.Fr3qfly.CameraExample;
				PRODUCT_NAME = "$(TARGET_NAME)";
				SWIFT_VERSION = 3.0;
			};
			name = Release;
		};
/* End XCBuildConfiguration section */

/* Begin XCConfigurationList section */
		606190CD1E8BBD1900244934 /* Build configuration list for PBXProject "CameraExample" */ = {
			isa = XCConfigurationList;
			buildConfigurations = (
				606190E51E8BBD1900244934 /* Debug */,
				606190E61E8BBD1900244934 /* Release */,
			);
			defaultConfigurationIsVisible = 0;
			defaultConfigurationName = Release;
		};
		606190E71E8BBD1900244934 /* Build configuration list for PBXNativeTarget "CameraExample" */ = {
			isa = XCConfigurationList;
			buildConfigurations = (
				606190E81E8BBD1900244934 /* Debug */,
				606190E91E8BBD1900244934 /* Release */,
			);
			defaultConfigurationIsVisible = 0;
		};
/* End XCConfigurationList section */

/* Begin XCVersionGroup section */
		606190DC1E8BBD1900244934 /* CameraExample.xcdatamodeld */ = {
			isa = XCVersionGroup;
			children = (
				606190DD1E8BBD1900244934 /* CameraExample.xcdatamodel */,
			);
			currentVersion = 606190DD1E8BBD1900244934 /* CameraExample.xcdatamodel */;
			path = CameraExample.xcdatamodeld;
			sourceTree = "<group>";
			versionGroupType = wrapper.xcdatamodel;
		};
/* End XCVersionGroup section */
	};
	rootObject = 606190CA1E8BBD1900244934 /* Project object */;
}
